
Microsoft Visual Studio Solution File, Format Version 12.00
# Visual Studio Version 17
VisualStudioVersion = 17.0.31903.59
MinimumVisualStudioVersion = 10.0.40219.1
Project("{FAE04EC0-301F-11D3-BF4B-00C04F79EFBC}") = "Multibanca.Backend.Api", "Multibanca.Backend.Api\Multibanca.Backend.Api.csproj", "{19C7F973-6CDD-4B6A-8708-09E6CAA99E17}"
EndProject
Project("{2150E333-8FDC-42A3-9474-1A3956D46DE8}") = "00 CrossCutting", "00 CrossCutting", "{02EA681E-C7D8-13C7-8484-4AC65E1B71E8}"
EndProject
Project("{2150E333-8FDC-42A3-9474-1A3956D46DE8}") = "01 Presentation", "01 Presentation", "{59338A8E-DE71-47BD-8E59-D91E2C4A5CF6}"
EndProject
Project("{2150E333-8FDC-42A3-9474-1A3956D46DE8}") = "03 Application", "03 Application", "{5896C91B-F58A-473A-9327-4807381E62CD}"
EndProject
Project("{2150E333-8FDC-42A3-9474-1A3956D46DE8}") = "04 Domain", "04 Domain", "{AD33FEB2-A38D-400E-9650-819246A91348}"
EndProject
Project("{2150E333-8FDC-42A3-9474-1A3956D46DE8}") = "05 Repository", "05 Repository", "{8F58DD2A-FEAC-4599-9C48-844AC0EE0B91}"
EndProject
Project("{FAE04EC0-301F-11D3-BF4B-00C04F79EFBC}") = "Multibanca.Automapper", "Multibanca.Automapper\Multibanca.Automapper.csproj", "{138E3145-EAC9-4462-B8B5-40B01BE0A977}"
EndProject
Project("{FAE04EC0-301F-11D3-BF4B-00C04F79EFBC}") = "Multibanca.DTO", "Multibanca.DTO\Multibanca.DTO.csproj", "{BD422731-67F7-4F18-89D8-CD56E47049A1}"
EndProject
Project("{FAE04EC0-301F-11D3-BF4B-00C04F79EFBC}") = "Multibanca.Register.IoC", "Multibanca.Register.IoC\Multibanca.Register.IoC.csproj", "{1E4681DF-2A8A-4957-8C38-4D877D2978BC}"
EndProject
Project("{FAE04EC0-301F-11D3-BF4B-00C04F79EFBC}") = "Multibanca.Application.Interfaces", "Multibanca.Application.Interfaces\Multibanca.Application.Interfaces.csproj", "{C8BA0B40-EF3C-4491-84FF-D5C4790379B0}"
EndProject
Project("{FAE04EC0-301F-11D3-BF4B-00C04F79EFBC}") = "Multibanca.Application.Implementations", "Multibanca.Application.Implementations\Multibanca.Application.Implementations.csproj", "{D2F42B55-8478-4F92-9EDD-FE65771E07FE}"
EndProject
Project("{FAE04EC0-301F-11D3-BF4B-00C04F79EFBC}") = "Multibanca.Domain.Models", "Multibanca.Domain.Models\Multibanca.Domain.Models.csproj", "{1527A12E-D0A0-466D-A238-E12CC0256B7A}"
EndProject
Project("{FAE04EC0-301F-11D3-BF4B-00C04F79EFBC}") = "Data.Extensions.Repository", "Data.Extensions.Repository\Data.Extensions.Repository.csproj", "{FBB79A38-BFB2-4483-B5E7-0A032B192CFD}"
EndProject
Project("{FAE04EC0-301F-11D3-BF4B-00C04F79EFBC}") = "Data.Repository.Implementations", "Data.Repository.Implementations\Data.Repository.Implementations.csproj", "{F92E0522-B4D9-4189-A10B-B7ABC3558D11}"
EndProject
Project("{FAE04EC0-301F-11D3-BF4B-00C04F79EFBC}") = "Data.Repository.Interfaces", "Data.Repository.Interfaces\Data.Repository.Interfaces.csproj", "{CD6E0778-8E5F-438F-A17D-34C4D526B5A6}"
EndProject
Project("{FAE04EC0-301F-11D3-BF4B-00C04F79EFBC}") = "Multibanca.Common", "Multibanca.Common\Multibanca.Common.csproj", "{6119B574-3B5D-4EC2-8722-EEA5571870BB}"
EndProject
Project("{FAE04EC0-301F-11D3-BF4B-00C04F79EFBC}") = "Common.Domain.Models", "Common.Domain.Models\Common.Domain.Models.csproj", "{4CB7E3FF-EEC5-4274-AF7B-F980F7E25235}"
EndProject
Project("{FAE04EC0-301F-11D3-BF4B-00C04F79EFBC}") = "Common.Application.Interfaces", "Common.Application.Interfaces\Common.Application.Interfaces.csproj", "{1DF39823-B484-4DEF-A346-161C66E27E37}"
EndProject
Project("{FAE04EC0-301F-11D3-BF4B-00C04F79EFBC}") = "Common.Application.Implementations", "Common.Application.Implementations\Common.Application.Implementations.csproj", "{17D7E9D6-B1E5-47CF-8415-49ABC11C0631}"
EndProject
Project("{FAE04EC0-301F-11D3-BF4B-00C04F79EFBC}") = "Framework.WorkFlow.Application.Interfaces", "Framework.WorkFlow.Application.Interfaces\Framework.WorkFlow.Application.Interfaces.csproj", "{7D338688-0F80-448F-BEE4-A3BD1D206C94}"
EndProject
Project("{FAE04EC0-301F-11D3-BF4B-00C04F79EFBC}") = "Framework.WorkFlow.Application.Implementations", "Framework.WorkFlow.Application.Implementations\Framework.WorkFlow.Application.Implementations.csproj", "{A33C8315-AC7B-4709-A12C-A81B4784BFED}"
EndProject
Project("{FAE04EC0-301F-11D3-BF4B-00C04F79EFBC}") = "Framework.WorkFlow.Common.DTO", "Framework.WorkFlow.Common.DTO\Framework.WorkFlow.Common.DTO.csproj", "{979DC845-3A6A-4C91-BD65-5AF371490D7A}"
EndProject
Project("{FAE04EC0-301F-11D3-BF4B-00C04F79EFBC}") = "Framework.WorkFlow.Repository.Interface", "Framework.WorkFlow.Repository.Interface\Framework.WorkFlow.Repository.Interface.csproj", "{407E1209-D66A-48FA-B802-F40B32B0B0E0}"
EndProject
Project("{FAE04EC0-301F-11D3-BF4B-00C04F79EFBC}") = "Framework.WorkFlow.Repository.Implementation", "Framework.WorkFlow.Repository.Implementation\Framework.WorkFlow.Repository.Implementation.csproj", "{A9988B25-554E-4F4A-8854-CD6E5C6DAFB8}"
EndProject
Global
	GlobalSection(SolutionConfigurationPlatforms) = preSolution
		Debug|Any CPU = Debug|Any CPU
		Debug|x64 = Debug|x64
		Debug|x86 = Debug|x86
		Release|Any CPU = Release|Any CPU
		Release|x64 = Release|x64
		Release|x86 = Release|x86
	EndGlobalSection
	GlobalSection(ProjectConfigurationPlatforms) = postSolution
		{19C7F973-6CDD-4B6A-8708-09E6CAA99E17}.Debug|Any CPU.ActiveCfg = Debug|Any CPU
		{19C7F973-6CDD-4B6A-8708-09E6CAA99E17}.Debug|Any CPU.Build.0 = Debug|Any CPU
		{19C7F973-6CDD-4B6A-8708-09E6CAA99E17}.Debug|x64.ActiveCfg = Debug|Any CPU
		{19C7F973-6CDD-4B6A-8708-09E6CAA99E17}.Debug|x64.Build.0 = Debug|Any CPU
		{19C7F973-6CDD-4B6A-8708-09E6CAA99E17}.Debug|x86.ActiveCfg = Debug|Any CPU
		{19C7F973-6CDD-4B6A-8708-09E6CAA99E17}.Debug|x86.Build.0 = Debug|Any CPU
		{19C7F973-6CDD-4B6A-8708-09E6CAA99E17}.Release|Any CPU.ActiveCfg = Release|Any CPU
		{19C7F973-6CDD-4B6A-8708-09E6CAA99E17}.Release|Any CPU.Build.0 = Release|Any CPU
		{19C7F973-6CDD-4B6A-8708-09E6CAA99E17}.Release|x64.ActiveCfg = Release|Any CPU
		{19C7F973-6CDD-4B6A-8708-09E6CAA99E17}.Release|x64.Build.0 = Release|Any CPU
		{19C7F973-6CDD-4B6A-8708-09E6CAA99E17}.Release|x86.ActiveCfg = Release|Any CPU
		{19C7F973-6CDD-4B6A-8708-09E6CAA99E17}.Release|x86.Build.0 = Release|Any CPU
		{138E3145-EAC9-4462-B8B5-40B01BE0A977}.Debug|Any CPU.ActiveCfg = Debug|Any CPU
		{138E3145-EAC9-4462-B8B5-40B01BE0A977}.Debug|Any CPU.Build.0 = Debug|Any CPU
		{138E3145-EAC9-4462-B8B5-40B01BE0A977}.Debug|x64.ActiveCfg = Debug|Any CPU
		{138E3145-EAC9-4462-B8B5-40B01BE0A977}.Debug|x64.Build.0 = Debug|Any CPU
		{138E3145-EAC9-4462-B8B5-40B01BE0A977}.Debug|x86.ActiveCfg = Debug|Any CPU
		{138E3145-EAC9-4462-B8B5-40B01BE0A977}.Debug|x86.Build.0 = Debug|Any CPU
		{138E3145-EAC9-4462-B8B5-40B01BE0A977}.Release|Any CPU.ActiveCfg = Release|Any CPU
		{138E3145-EAC9-4462-B8B5-40B01BE0A977}.Release|Any CPU.Build.0 = Release|Any CPU
		{138E3145-EAC9-4462-B8B5-40B01BE0A977}.Release|x64.ActiveCfg = Release|Any CPU
		{138E3145-EAC9-4462-B8B5-40B01BE0A977}.Release|x64.Build.0 = Release|Any CPU
		{138E3145-EAC9-4462-B8B5-40B01BE0A977}.Release|x86.ActiveCfg = Release|Any CPU
		{138E3145-EAC9-4462-B8B5-40B01BE0A977}.Release|x86.Build.0 = Release|Any CPU
		{BD422731-67F7-4F18-89D8-CD56E47049A1}.Debug|Any CPU.ActiveCfg = Debug|Any CPU
		{BD422731-67F7-4F18-89D8-CD56E47049A1}.Debug|Any CPU.Build.0 = Debug|Any CPU
		{BD422731-67F7-4F18-89D8-CD56E47049A1}.Debug|x64.ActiveCfg = Debug|Any CPU
		{BD422731-67F7-4F18-89D8-CD56E47049A1}.Debug|x64.Build.0 = Debug|Any CPU
		{BD422731-67F7-4F18-89D8-CD56E47049A1}.Debug|x86.ActiveCfg = Debug|Any CPU
		{BD422731-67F7-4F18-89D8-CD56E47049A1}.Debug|x86.Build.0 = Debug|Any CPU
		{BD422731-67F7-4F18-89D8-CD56E47049A1}.Release|Any CPU.ActiveCfg = Release|Any CPU
		{BD422731-67F7-4F18-89D8-CD56E47049A1}.Release|Any CPU.Build.0 = Release|Any CPU
		{BD422731-67F7-4F18-89D8-CD56E47049A1}.Release|x64.ActiveCfg = Release|Any CPU
		{BD422731-67F7-4F18-89D8-CD56E47049A1}.Release|x64.Build.0 = Release|Any CPU
		{BD422731-67F7-4F18-89D8-CD56E47049A1}.Release|x86.ActiveCfg = Release|Any CPU
		{BD422731-67F7-4F18-89D8-CD56E47049A1}.Release|x86.Build.0 = Release|Any CPU
		{1E4681DF-2A8A-4957-8C38-4D877D2978BC}.Debug|Any CPU.ActiveCfg = Debug|Any CPU
		{1E4681DF-2A8A-4957-8C38-4D877D2978BC}.Debug|Any CPU.Build.0 = Debug|Any CPU
		{1E4681DF-2A8A-4957-8C38-4D877D2978BC}.Debug|x64.ActiveCfg = Debug|Any CPU
		{1E4681DF-2A8A-4957-8C38-4D877D2978BC}.Debug|x64.Build.0 = Debug|Any CPU
		{1E4681DF-2A8A-4957-8C38-4D877D2978BC}.Debug|x86.ActiveCfg = Debug|Any CPU
		{1E4681DF-2A8A-4957-8C38-4D877D2978BC}.Debug|x86.Build.0 = Debug|Any CPU
		{1E4681DF-2A8A-4957-8C38-4D877D2978BC}.Release|Any CPU.ActiveCfg = Release|Any CPU
		{1E4681DF-2A8A-4957-8C38-4D877D2978BC}.Release|Any CPU.Build.0 = Release|Any CPU
		{1E4681DF-2A8A-4957-8C38-4D877D2978BC}.Release|x64.ActiveCfg = Release|Any CPU
		{1E4681DF-2A8A-4957-8C38-4D877D2978BC}.Release|x64.Build.0 = Release|Any CPU
		{1E4681DF-2A8A-4957-8C38-4D877D2978BC}.Release|x86.ActiveCfg = Release|Any CPU
		{1E4681DF-2A8A-4957-8C38-4D877D2978BC}.Release|x86.Build.0 = Release|Any CPU
		{C8BA0B40-EF3C-4491-84FF-D5C4790379B0}.Debug|Any CPU.ActiveCfg = Debug|Any CPU
		{C8BA0B40-EF3C-4491-84FF-D5C4790379B0}.Debug|Any CPU.Build.0 = Debug|Any CPU
		{C8BA0B40-EF3C-4491-84FF-D5C4790379B0}.Debug|x64.ActiveCfg = Debug|Any CPU
		{C8BA0B40-EF3C-4491-84FF-D5C4790379B0}.Debug|x64.Build.0 = Debug|Any CPU
		{C8BA0B40-EF3C-4491-84FF-D5C4790379B0}.Debug|x86.ActiveCfg = Debug|Any CPU
		{C8BA0B40-EF3C-4491-84FF-D5C4790379B0}.Debug|x86.Build.0 = Debug|Any CPU
		{C8BA0B40-EF3C-4491-84FF-D5C4790379B0}.Release|Any CPU.ActiveCfg = Release|Any CPU
		{C8BA0B40-EF3C-4491-84FF-D5C4790379B0}.Release|Any CPU.Build.0 = Release|Any CPU
		{C8BA0B40-EF3C-4491-84FF-D5C4790379B0}.Release|x64.ActiveCfg = Release|Any CPU
		{C8BA0B40-EF3C-4491-84FF-D5C4790379B0}.Release|x64.Build.0 = Release|Any CPU
		{C8BA0B40-EF3C-4491-84FF-D5C4790379B0}.Release|x86.ActiveCfg = Release|Any CPU
		{C8BA0B40-EF3C-4491-84FF-D5C4790379B0}.Release|x86.Build.0 = Release|Any CPU
		{D2F42B55-8478-4F92-9EDD-FE65771E07FE}.Debug|Any CPU.ActiveCfg = Debug|Any CPU
		{D2F42B55-8478-4F92-9EDD-FE65771E07FE}.Debug|Any CPU.Build.0 = Debug|Any CPU
		{D2F42B55-8478-4F92-9EDD-FE65771E07FE}.Debug|x64.ActiveCfg = Debug|Any CPU
		{D2F42B55-8478-4F92-9EDD-FE65771E07FE}.Debug|x64.Build.0 = Debug|Any CPU
		{D2F42B55-8478-4F92-9EDD-FE65771E07FE}.Debug|x86.ActiveCfg = Debug|Any CPU
		{D2F42B55-8478-4F92-9EDD-FE65771E07FE}.Debug|x86.Build.0 = Debug|Any CPU
		{D2F42B55-8478-4F92-9EDD-FE65771E07FE}.Release|Any CPU.ActiveCfg = Release|Any CPU
		{D2F42B55-8478-4F92-9EDD-FE65771E07FE}.Release|Any CPU.Build.0 = Release|Any CPU
		{D2F42B55-8478-4F92-9EDD-FE65771E07FE}.Release|x64.ActiveCfg = Release|Any CPU
		{D2F42B55-8478-4F92-9EDD-FE65771E07FE}.Release|x64.Build.0 = Release|Any CPU
		{D2F42B55-8478-4F92-9EDD-FE65771E07FE}.Release|x86.ActiveCfg = Release|Any CPU
		{D2F42B55-8478-4F92-9EDD-FE65771E07FE}.Release|x86.Build.0 = Release|Any CPU
		{1527A12E-D0A0-466D-A238-E12CC0256B7A}.Debug|Any CPU.ActiveCfg = Debug|Any CPU
		{1527A12E-D0A0-466D-A238-E12CC0256B7A}.Debug|Any CPU.Build.0 = Debug|Any CPU
		{1527A12E-D0A0-466D-A238-E12CC0256B7A}.Debug|x64.ActiveCfg = Debug|Any CPU
		{1527A12E-D0A0-466D-A238-E12CC0256B7A}.Debug|x64.Build.0 = Debug|Any CPU
		{1527A12E-D0A0-466D-A238-E12CC0256B7A}.Debug|x86.ActiveCfg = Debug|Any CPU
		{1527A12E-D0A0-466D-A238-E12CC0256B7A}.Debug|x86.Build.0 = Debug|Any CPU
		{1527A12E-D0A0-466D-A238-E12CC0256B7A}.Release|Any CPU.ActiveCfg = Release|Any CPU
		{1527A12E-D0A0-466D-A238-E12CC0256B7A}.Release|Any CPU.Build.0 = Release|Any CPU
		{1527A12E-D0A0-466D-A238-E12CC0256B7A}.Release|x64.ActiveCfg = Release|Any CPU
		{1527A12E-D0A0-466D-A238-E12CC0256B7A}.Release|x64.Build.0 = Release|Any CPU
		{1527A12E-D0A0-466D-A238-E12CC0256B7A}.Release|x86.ActiveCfg = Release|Any CPU
		{1527A12E-D0A0-466D-A238-E12CC0256B7A}.Release|x86.Build.0 = Release|Any CPU
		{FBB79A38-BFB2-4483-B5E7-0A032B192CFD}.Debug|Any CPU.ActiveCfg = Debug|Any CPU
		{FBB79A38-BFB2-4483-B5E7-0A032B192CFD}.Debug|Any CPU.Build.0 = Debug|Any CPU
		{FBB79A38-BFB2-4483-B5E7-0A032B192CFD}.Debug|x64.ActiveCfg = Debug|Any CPU
		{FBB79A38-BFB2-4483-B5E7-0A032B192CFD}.Debug|x64.Build.0 = Debug|Any CPU
		{FBB79A38-BFB2-4483-B5E7-0A032B192CFD}.Debug|x86.ActiveCfg = Debug|Any CPU
		{FBB79A38-BFB2-4483-B5E7-0A032B192CFD}.Debug|x86.Build.0 = Debug|Any CPU
		{FBB79A38-BFB2-4483-B5E7-0A032B192CFD}.Release|Any CPU.ActiveCfg = Release|Any CPU
		{FBB79A38-BFB2-4483-B5E7-0A032B192CFD}.Release|Any CPU.Build.0 = Release|Any CPU
		{FBB79A38-BFB2-4483-B5E7-0A032B192CFD}.Release|x64.ActiveCfg = Release|Any CPU
		{FBB79A38-BFB2-4483-B5E7-0A032B192CFD}.Release|x64.Build.0 = Release|Any CPU
		{FBB79A38-BFB2-4483-B5E7-0A032B192CFD}.Release|x86.ActiveCfg = Release|Any CPU
		{FBB79A38-BFB2-4483-B5E7-0A032B192CFD}.Release|x86.Build.0 = Release|Any CPU
		{F92E0522-B4D9-4189-A10B-B7ABC3558D11}.Debug|Any CPU.ActiveCfg = Debug|Any CPU
		{F92E0522-B4D9-4189-A10B-B7ABC3558D11}.Debug|Any CPU.Build.0 = Debug|Any CPU
		{F92E0522-B4D9-4189-A10B-B7ABC3558D11}.Debug|x64.ActiveCfg = Debug|Any CPU
		{F92E0522-B4D9-4189-A10B-B7ABC3558D11}.Debug|x64.Build.0 = Debug|Any CPU
		{F92E0522-B4D9-4189-A10B-B7ABC3558D11}.Debug|x86.ActiveCfg = Debug|Any CPU
		{F92E0522-B4D9-4189-A10B-B7ABC3558D11}.Debug|x86.Build.0 = Debug|Any CPU
		{F92E0522-B4D9-4189-A10B-B7ABC3558D11}.Release|Any CPU.ActiveCfg = Release|Any CPU
		{F92E0522-B4D9-4189-A10B-B7ABC3558D11}.Release|Any CPU.Build.0 = Release|Any CPU
		{F92E0522-B4D9-4189-A10B-B7ABC3558D11}.Release|x64.ActiveCfg = Release|Any CPU
		{F92E0522-B4D9-4189-A10B-B7ABC3558D11}.Release|x64.Build.0 = Release|Any CPU
		{F92E0522-B4D9-4189-A10B-B7ABC3558D11}.Release|x86.ActiveCfg = Release|Any CPU
		{F92E0522-B4D9-4189-A10B-B7ABC3558D11}.Release|x86.Build.0 = Release|Any CPU
		{CD6E0778-8E5F-438F-A17D-34C4D526B5A6}.Debug|Any CPU.ActiveCfg = Debug|Any CPU
		{CD6E0778-8E5F-438F-A17D-34C4D526B5A6}.Debug|Any CPU.Build.0 = Debug|Any CPU
		{CD6E0778-8E5F-438F-A17D-34C4D526B5A6}.Debug|x64.ActiveCfg = Debug|Any CPU
		{CD6E0778-8E5F-438F-A17D-34C4D526B5A6}.Debug|x64.Build.0 = Debug|Any CPU
		{CD6E0778-8E5F-438F-A17D-34C4D526B5A6}.Debug|x86.ActiveCfg = Debug|Any CPU
		{CD6E0778-8E5F-438F-A17D-34C4D526B5A6}.Debug|x86.Build.0 = Debug|Any CPU
		{CD6E0778-8E5F-438F-A17D-34C4D526B5A6}.Release|Any CPU.ActiveCfg = Release|Any CPU
		{CD6E0778-8E5F-438F-A17D-34C4D526B5A6}.Release|Any CPU.Build.0 = Release|Any CPU
		{CD6E0778-8E5F-438F-A17D-34C4D526B5A6}.Release|x64.ActiveCfg = Release|Any CPU
		{CD6E0778-8E5F-438F-A17D-34C4D526B5A6}.Release|x64.Build.0 = Release|Any CPU
		{CD6E0778-8E5F-438F-A17D-34C4D526B5A6}.Release|x86.ActiveCfg = Release|Any CPU
		{CD6E0778-8E5F-438F-A17D-34C4D526B5A6}.Release|x86.Build.0 = Release|Any CPU
		{6119B574-3B5D-4EC2-8722-EEA5571870BB}.Debug|Any CPU.ActiveCfg = Debug|Any CPU
		{6119B574-3B5D-4EC2-8722-EEA5571870BB}.Debug|Any CPU.Build.0 = Debug|Any CPU
		{6119B574-3B5D-4EC2-8722-EEA5571870BB}.Debug|x64.ActiveCfg = Debug|Any CPU
		{6119B574-3B5D-4EC2-8722-EEA5571870BB}.Debug|x64.Build.0 = Debug|Any CPU
		{6119B574-3B5D-4EC2-8722-EEA5571870BB}.Debug|x86.ActiveCfg = Debug|Any CPU
		{6119B574-3B5D-4EC2-8722-EEA5571870BB}.Debug|x86.Build.0 = Debug|Any CPU
		{6119B574-3B5D-4EC2-8722-EEA5571870BB}.Release|Any CPU.ActiveCfg = Release|Any CPU
		{6119B574-3B5D-4EC2-8722-EEA5571870BB}.Release|Any CPU.Build.0 = Release|Any CPU
		{6119B574-3B5D-4EC2-8722-EEA5571870BB}.Release|x64.ActiveCfg = Release|Any CPU
		{6119B574-3B5D-4EC2-8722-EEA5571870BB}.Release|x64.Build.0 = Release|Any CPU
		{6119B574-3B5D-4EC2-8722-EEA5571870BB}.Release|x86.ActiveCfg = Release|Any CPU
		{6119B574-3B5D-4EC2-8722-EEA5571870BB}.Release|x86.Build.0 = Release|Any CPU
		{4CB7E3FF-EEC5-4274-AF7B-F980F7E25235}.Debug|Any CPU.ActiveCfg = Debug|Any CPU
		{4CB7E3FF-EEC5-4274-AF7B-F980F7E25235}.Debug|Any CPU.Build.0 = Debug|Any CPU
		{4CB7E3FF-EEC5-4274-AF7B-F980F7E25235}.Debug|x64.ActiveCfg = Debug|Any CPU
		{4CB7E3FF-EEC5-4274-AF7B-F980F7E25235}.Debug|x64.Build.0 = Debug|Any CPU
		{4CB7E3FF-EEC5-4274-AF7B-F980F7E25235}.Debug|x86.ActiveCfg = Debug|Any CPU
		{4CB7E3FF-EEC5-4274-AF7B-F980F7E25235}.Debug|x86.Build.0 = Debug|Any CPU
		{4CB7E3FF-EEC5-4274-AF7B-F980F7E25235}.Release|Any CPU.ActiveCfg = Release|Any CPU
		{4CB7E3FF-EEC5-4274-AF7B-F980F7E25235}.Release|Any CPU.Build.0 = Release|Any CPU
		{4CB7E3FF-EEC5-4274-AF7B-F980F7E25235}.Release|x64.ActiveCfg = Release|Any CPU
		{4CB7E3FF-EEC5-4274-AF7B-F980F7E25235}.Release|x64.Build.0 = Release|Any CPU
		{4CB7E3FF-EEC5-4274-AF7B-F980F7E25235}.Release|x86.ActiveCfg = Release|Any CPU
		{4CB7E3FF-EEC5-4274-AF7B-F980F7E25235}.Release|x86.Build.0 = Release|Any CPU
		{1DF39823-B484-4DEF-A346-161C66E27E37}.Debug|Any CPU.ActiveCfg = Debug|Any CPU
		{1DF39823-B484-4DEF-A346-161C66E27E37}.Debug|Any CPU.Build.0 = Debug|Any CPU
		{1DF39823-B484-4DEF-A346-161C66E27E37}.Debug|x64.ActiveCfg = Debug|Any CPU
		{1DF39823-B484-4DEF-A346-161C66E27E37}.Debug|x64.Build.0 = Debug|Any CPU
		{1DF39823-B484-4DEF-A346-161C66E27E37}.Debug|x86.ActiveCfg = Debug|Any CPU
		{1DF39823-B484-4DEF-A346-161C66E27E37}.Debug|x86.Build.0 = Debug|Any CPU
		{1DF39823-B484-4DEF-A346-161C66E27E37}.Release|Any CPU.ActiveCfg = Release|Any CPU
		{1DF39823-B484-4DEF-A346-161C66E27E37}.Release|Any CPU.Build.0 = Release|Any CPU
		{1DF39823-B484-4DEF-A346-161C66E27E37}.Release|x64.ActiveCfg = Release|Any CPU
		{1DF39823-B484-4DEF-A346-161C66E27E37}.Release|x64.Build.0 = Release|Any CPU
		{1DF39823-B484-4DEF-A346-161C66E27E37}.Release|x86.ActiveCfg = Release|Any CPU
		{1DF39823-B484-4DEF-A346-161C66E27E37}.Release|x86.Build.0 = Release|Any CPU
		{17D7E9D6-B1E5-47CF-8415-49ABC11C0631}.Debug|Any CPU.ActiveCfg = Debug|Any CPU
		{17D7E9D6-B1E5-47CF-8415-49ABC11C0631}.Debug|Any CPU.Build.0 = Debug|Any CPU
		{17D7E9D6-B1E5-47CF-8415-49ABC11C0631}.Debug|x64.ActiveCfg = Debug|Any CPU
		{17D7E9D6-B1E5-47CF-8415-49ABC11C0631}.Debug|x64.Build.0 = Debug|Any CPU
		{17D7E9D6-B1E5-47CF-8415-49ABC11C0631}.Debug|x86.ActiveCfg = Debug|Any CPU
		{17D7E9D6-B1E5-47CF-8415-49ABC11C0631}.Debug|x86.Build.0 = Debug|Any CPU
		{17D7E9D6-B1E5-47CF-8415-49ABC11C0631}.Release|Any CPU.ActiveCfg = Release|Any CPU
		{17D7E9D6-B1E5-47CF-8415-49ABC11C0631}.Release|Any CPU.Build.0 = Release|Any CPU
		{17D7E9D6-B1E5-47CF-8415-49ABC11C0631}.Release|x64.ActiveCfg = Release|Any CPU
		{17D7E9D6-B1E5-47CF-8415-49ABC11C0631}.Release|x64.Build.0 = Release|Any CPU
		{17D7E9D6-B1E5-47CF-8415-49ABC11C0631}.Release|x86.ActiveCfg = Release|Any CPU
		{17D7E9D6-B1E5-47CF-8415-49ABC11C0631}.Release|x86.Build.0 = Release|Any CPU
		{7D338688-0F80-448F-BEE4-A3BD1D206C94}.Debug|Any CPU.ActiveCfg = Debug|Any CPU
		{7D338688-0F80-448F-BEE4-A3BD1D206C94}.Debug|Any CPU.Build.0 = Debug|Any CPU
		{7D338688-0F80-448F-BEE4-A3BD1D206C94}.Debug|x64.ActiveCfg = Debug|Any CPU
		{7D338688-0F80-448F-BEE4-A3BD1D206C94}.Debug|x64.Build.0 = Debug|Any CPU
		{7D338688-0F80-448F-BEE4-A3BD1D206C94}.Debug|x86.ActiveCfg = Debug|Any CPU
		{7D338688-0F80-448F-BEE4-A3BD1D206C94}.Debug|x86.Build.0 = Debug|Any CPU
		{7D338688-0F80-448F-BEE4-A3BD1D206C94}.Release|Any CPU.ActiveCfg = Release|Any CPU
		{7D338688-0F80-448F-BEE4-A3BD1D206C94}.Release|Any CPU.Build.0 = Release|Any CPU
		{7D338688-0F80-448F-BEE4-A3BD1D206C94}.Release|x64.ActiveCfg = Release|Any CPU
		{7D338688-0F80-448F-BEE4-A3BD1D206C94}.Release|x64.Build.0 = Release|Any CPU
		{7D338688-0F80-448F-BEE4-A3BD1D206C94}.Release|x86.ActiveCfg = Release|Any CPU
		{7D338688-0F80-448F-BEE4-A3BD1D206C94}.Release|x86.Build.0 = Release|Any CPU
		{A33C8315-AC7B-4709-A12C-A81B4784BFED}.Debug|Any CPU.ActiveCfg = Debug|Any CPU
		{A33C8315-AC7B-4709-A12C-A81B4784BFED}.Debug|Any CPU.Build.0 = Debug|Any CPU
		{A33C8315-AC7B-4709-A12C-A81B4784BFED}.Debug|x64.ActiveCfg = Debug|Any CPU
		{A33C8315-AC7B-4709-A12C-A81B4784BFED}.Debug|x64.Build.0 = Debug|Any CPU
		{A33C8315-AC7B-4709-A12C-A81B4784BFED}.Debug|x86.ActiveCfg = Debug|Any CPU
		{A33C8315-AC7B-4709-A12C-A81B4784BFED}.Debug|x86.Build.0 = Debug|Any CPU
		{A33C8315-AC7B-4709-A12C-A81B4784BFED}.Release|Any CPU.ActiveCfg = Release|Any CPU
		{A33C8315-AC7B-4709-A12C-A81B4784BFED}.Release|Any CPU.Build.0 = Release|Any CPU
		{A33C8315-AC7B-4709-A12C-A81B4784BFED}.Release|x64.ActiveCfg = Release|Any CPU
		{A33C8315-AC7B-4709-A12C-A81B4784BFED}.Release|x64.Build.0 = Release|Any CPU
		{A33C8315-AC7B-4709-A12C-A81B4784BFED}.Release|x86.ActiveCfg = Release|Any CPU
		{A33C8315-AC7B-4709-A12C-A81B4784BFED}.Release|x86.Build.0 = Release|Any CPU
		{979DC845-3A6A-4C91-BD65-5AF371490D7A}.Debug|Any CPU.ActiveCfg = Debug|Any CPU
		{979DC845-3A6A-4C91-BD65-5AF371490D7A}.Debug|Any CPU.Build.0 = Debug|Any CPU
		{979DC845-3A6A-4C91-BD65-5AF371490D7A}.Debug|x64.ActiveCfg = Debug|Any CPU
		{979DC845-3A6A-4C91-BD65-5AF371490D7A}.Debug|x64.Build.0 = Debug|Any CPU
		{979DC845-3A6A-4C91-BD65-5AF371490D7A}.Debug|x86.ActiveCfg = Debug|Any CPU
		{979DC845-3A6A-4C91-BD65-5AF371490D7A}.Debug|x86.Build.0 = Debug|Any CPU
		{979DC845-3A6A-4C91-BD65-5AF371490D7A}.Release|Any CPU.ActiveCfg = Release|Any CPU
		{979DC845-3A6A-4C91-BD65-5AF371490D7A}.Release|Any CPU.Build.0 = Release|Any CPU
		{979DC845-3A6A-4C91-BD65-5AF371490D7A}.Release|x64.ActiveCfg = Release|Any CPU
		{979DC845-3A6A-4C91-BD65-5AF371490D7A}.Release|x64.Build.0 = Release|Any CPU
		{979DC845-3A6A-4C91-BD65-5AF371490D7A}.Release|x86.ActiveCfg = Release|Any CPU
		{979DC845-3A6A-4C91-BD65-5AF371490D7A}.Release|x86.Build.0 = Release|Any CPU
		{407E1209-D66A-48FA-B802-F40B32B0B0E0}.Debug|Any CPU.ActiveCfg = Debug|Any CPU
		{407E1209-D66A-48FA-B802-F40B32B0B0E0}.Debug|Any CPU.Build.0 = Debug|Any CPU
		{407E1209-D66A-48FA-B802-F40B32B0B0E0}.Debug|x64.ActiveCfg = Debug|Any CPU
		{407E1209-D66A-48FA-B802-F40B32B0B0E0}.Debug|x64.Build.0 = Debug|Any CPU
		{407E1209-D66A-48FA-B802-F40B32B0B0E0}.Debug|x86.ActiveCfg = Debug|Any CPU
		{407E1209-D66A-48FA-B802-F40B32B0B0E0}.Debug|x86.Build.0 = Debug|Any CPU
		{407E1209-D66A-48FA-B802-F40B32B0B0E0}.Release|Any CPU.ActiveCfg = Release|Any CPU
		{407E1209-D66A-48FA-B802-F40B32B0B0E0}.Release|Any CPU.Build.0 = Release|Any CPU
		{407E1209-D66A-48FA-B802-F40B32B0B0E0}.Release|x64.ActiveCfg = Release|Any CPU
		{407E1209-D66A-48FA-B802-F40B32B0B0E0}.Release|x64.Build.0 = Release|Any CPU
		{407E1209-D66A-48FA-B802-F40B32B0B0E0}.Release|x86.ActiveCfg = Release|Any CPU
		{407E1209-D66A-48FA-B802-F40B32B0B0E0}.Release|x86.Build.0 = Release|Any CPU
		{A9988B25-554E-4F4A-8854-CD6E5C6DAFB8}.Debug|Any CPU.ActiveCfg = Debug|Any CPU
		{A9988B25-554E-4F4A-8854-CD6E5C6DAFB8}.Debug|Any CPU.Build.0 = Debug|Any CPU
		{A9988B25-554E-4F4A-8854-CD6E5C6DAFB8}.Debug|x64.ActiveCfg = Debug|Any CPU
		{A9988B25-554E-4F4A-8854-CD6E5C6DAFB8}.Debug|x64.Build.0 = Debug|Any CPU
		{A9988B25-554E-4F4A-8854-CD6E5C6DAFB8}.Debug|x86.ActiveCfg = Debug|Any CPU
		{A9988B25-554E-4F4A-8854-CD6E5C6DAFB8}.Debug|x86.Build.0 = Debug|Any CPU
		{A9988B25-554E-4F4A-8854-CD6E5C6DAFB8}.Release|Any CPU.ActiveCfg = Release|Any CPU
		{A9988B25-554E-4F4A-8854-CD6E5C6DAFB8}.Release|Any CPU.Build.0 = Release|Any CPU
		{A9988B25-554E-4F4A-8854-CD6E5C6DAFB8}.Release|x64.ActiveCfg = Release|Any CPU
		{A9988B25-554E-4F4A-8854-CD6E5C6DAFB8}.Release|x64.Build.0 = Release|Any CPU
		{A9988B25-554E-4F4A-8854-CD6E5C6DAFB8}.Release|x86.ActiveCfg = Release|Any CPU
		{A9988B25-554E-4F4A-8854-CD6E5C6DAFB8}.Release|x86.Build.0 = Release|Any CPU
	EndGlobalSection
	GlobalSection(SolutionProperties) = preSolution
		HideSolutionNode = FALSE
	EndGlobalSection
	GlobalSection(NestedProjects) = preSolution
		{19C7F973-6CDD-4B6A-8708-09E6CAA99E17} = {59338A8E-DE71-47BD-8E59-D91E2C4A5CF6}
		{138E3145-EAC9-4462-B8B5-40B01BE0A977} = {02EA681E-C7D8-13C7-8484-4AC65E1B71E8}
		{BD422731-67F7-4F18-89D8-CD56E47049A1} = {02EA681E-C7D8-13C7-8484-4AC65E1B71E8}
		{1E4681DF-2A8A-4957-8C38-4D877D2978BC} = {02EA681E-C7D8-13C7-8484-4AC65E1B71E8}
		{C8BA0B40-EF3C-4491-84FF-D5C4790379B0} = {5896C91B-F58A-473A-9327-4807381E62CD}
		{D2F42B55-8478-4F92-9EDD-FE65771E07FE} = {5896C91B-F58A-473A-9327-4807381E62CD}
		{1527A12E-D0A0-466D-A238-E12CC0256B7A} = {AD33FEB2-A38D-400E-9650-819246A91348}
		{FBB79A38-BFB2-4483-B5E7-0A032B192CFD} = {8F58DD2A-FEAC-4599-9C48-844AC0EE0B91}
		{F92E0522-B4D9-4189-A10B-B7ABC3558D11} = {8F58DD2A-FEAC-4599-9C48-844AC0EE0B91}
		{CD6E0778-8E5F-438F-A17D-34C4D526B5A6} = {8F58DD2A-FEAC-4599-9C48-844AC0EE0B91}
		{6119B574-3B5D-4EC2-8722-EEA5571870BB} = {02EA681E-C7D8-13C7-8484-4AC65E1B71E8}
		{4CB7E3FF-EEC5-4274-AF7B-F980F7E25235} = {AD33FEB2-A38D-400E-9650-819246A91348}
		{1DF39823-B484-4DEF-A346-161C66E27E37} = {5896C91B-F58A-473A-9327-4807381E62CD}
		{17D7E9D6-B1E5-47CF-8415-49ABC11C0631} = {5896C91B-F58A-473A-9327-4807381E62CD}
		{7D338688-0F80-448F-BEE4-A3BD1D206C94} = {5896C91B-F58A-473A-9327-4807381E62CD}
		{A33C8315-AC7B-4709-A12C-A81B4784BFED} = {5896C91B-F58A-473A-9327-4807381E62CD}
		{979DC845-3A6A-4C91-BD65-5AF371490D7A} = {02EA681E-C7D8-13C7-8484-4AC65E1B71E8}
		{407E1209-D66A-48FA-B802-F40B32B0B0E0} = {8F58DD2A-FEAC-4599-9C48-844AC0EE0B91}
		{A9988B25-554E-4F4A-8854-CD6E5C6DAFB8} = {8F58DD2A-FEAC-4599-9C48-844AC0EE0B91}
	EndGlobalSection
	GlobalSection(ExtensibilityGlobals) = postSolution
		SolutionGuid = {D685BD41-8120-40CB-BA93-1EF252CE30AC}
	EndGlobalSection
EndGlobal
